
Microsoft Visual Studio Solution File, Format Version 12.00
# Visual Studio 14
VisualStudioVersion = 14.0.25123.0
MinimumVisualStudioVersion = 10.0.40219.1
Project("{2150E333-8FDC-42A3-9474-1A3956D46DE8}") = "src", "src", "{9C911A0C-86B4-40E7-9292-BB2B66C8661A}"
EndProject
Project("{8BB2217D-0F2D-49D1-97BC-3654ED321F3B}") = "CoreTiles.Drawing", "src\CoreTiles.Drawing\CoreTiles.Drawing.xproj", "{353B1F1E-DDC8-4788-B3EA-F2C43CFD0006}"
EndProject
Project("{8BB2217D-0F2D-49D1-97BC-3654ED321F3B}") = "CoreTiles.Hexagon", "src\CoreTiles.Hexagon\CoreTiles.Hexagon.xproj", "{7D68CF1F-9DF3-4658-AB00-A5E37954888B}"
EndProject
Project("{8BB2217D-0F2D-49D1-97BC-3654ED321F3B}") = "CoreTiles.Server", "src\CoreTiles.Server\CoreTiles.Server.xproj", "{6685DEA9-A9F9-4B5E-A1E8-FB947A36C1A7}"
EndProject
Project("{2150E333-8FDC-42A3-9474-1A3956D46DE8}") = "test", "test", "{4A7B45F0-B793-4CA9-9DF2-6E04EBFAEA3F}"
EndProject
Project("{8BB2217D-0F2D-49D1-97BC-3654ED321F3B}") = "CoreTiles.Drawing.Test", "test\CoreTiles.Drawing.Test\CoreTiles.Drawing.Test.xproj", "{78734F52-E170-4110-96C1-AD8863D5D4E5}"
EndProject
Project("{2150E333-8FDC-42A3-9474-1A3956D46DE8}") = "Solution Items", "Solution Items", "{BD555156-DB1F-43E8-B9AE-960D7DFAC714}"
	ProjectSection(SolutionItems) = preProject
		global.json = global.json
		NuGet.Config = NuGet.Config
	EndProjectSection
EndProject
Project("{8BB2217D-0F2D-49D1-97BC-3654ED321F3B}") = "CoreTiles.Hexagon.Test", "test\CoreTiles.Hexagon.Test\CoreTiles.Hexagon.Test.xproj", "{31C04961-4825-4E32-816D-7930B7D8D82D}"
EndProject
Global
	GlobalSection(SolutionConfigurationPlatforms) = preSolution
		Debug|Any CPU = Debug|Any CPU
		Release|Any CPU = Release|Any CPU
	EndGlobalSection
	GlobalSection(ProjectConfigurationPlatforms) = postSolution
		{353B1F1E-DDC8-4788-B3EA-F2C43CFD0006}.Debug|Any CPU.ActiveCfg = Debug|Any CPU
		{353B1F1E-DDC8-4788-B3EA-F2C43CFD0006}.Debug|Any CPU.Build.0 = Debug|Any CPU
		{353B1F1E-DDC8-4788-B3EA-F2C43CFD0006}.Release|Any CPU.ActiveCfg = Release|Any CPU
		{353B1F1E-DDC8-4788-B3EA-F2C43CFD0006}.Release|Any CPU.Build.0 = Release|Any CPU
		{7D68CF1F-9DF3-4658-AB00-A5E37954888B}.Debug|Any CPU.ActiveCfg = Debug|Any CPU
		{7D68CF1F-9DF3-4658-AB00-A5E37954888B}.Debug|Any CPU.Build.0 = Debug|Any CPU
		{7D68CF1F-9DF3-4658-AB00-A5E37954888B}.Release|Any CPU.ActiveCfg = Release|Any CPU
		{7D68CF1F-9DF3-4658-AB00-A5E37954888B}.Release|Any CPU.Build.0 = Release|Any CPU
		{6685DEA9-A9F9-4B5E-A1E8-FB947A36C1A7}.Debug|Any CPU.ActiveCfg = Debug|Any CPU
		{6685DEA9-A9F9-4B5E-A1E8-FB947A36C1A7}.Debug|Any CPU.Build.0 = Debug|Any CPU
		{6685DEA9-A9F9-4B5E-A1E8-FB947A36C1A7}.Release|Any CPU.ActiveCfg = Release|Any CPU
		{6685DEA9-A9F9-4B5E-A1E8-FB947A36C1A7}.Release|Any CPU.Build.0 = Release|Any CPU
		{78734F52-E170-4110-96C1-AD8863D5D4E5}.Debug|Any CPU.ActiveCfg = Debug|Any CPU
		{78734F52-E170-4110-96C1-AD8863D5D4E5}.Debug|Any CPU.Build.0 = Debug|Any CPU
		{78734F52-E170-4110-96C1-AD8863D5D4E5}.Release|Any CPU.ActiveCfg = Release|Any CPU
		{78734F52-E170-4110-96C1-AD8863D5D4E5}.Release|Any CPU.Build.0 = Release|Any CPU
		{31C04961-4825-4E32-816D-7930B7D8D82D}.Debug|Any CPU.ActiveCfg = Debug|Any CPU
		{31C04961-4825-4E32-816D-7930B7D8D82D}.Debug|Any CPU.Build.0 = Debug|Any CPU
		{31C04961-4825-4E32-816D-7930B7D8D82D}.Release|Any CPU.ActiveCfg = Release|Any CPU
		{31C04961-4825-4E32-816D-7930B7D8D82D}.Release|Any CPU.Build.0 = Release|Any CPU
	EndGlobalSection
	GlobalSection(SolutionProperties) = preSolution
		HideSolutionNode = FALSE
	EndGlobalSection
	GlobalSection(NestedProjects) = preSolution
		{353B1F1E-DDC8-4788-B3EA-F2C43CFD0006} = {9C911A0C-86B4-40E7-9292-BB2B66C8661A}
		{7D68CF1F-9DF3-4658-AB00-A5E37954888B} = {9C911A0C-86B4-40E7-9292-BB2B66C8661A}
		{6685DEA9-A9F9-4B5E-A1E8-FB947A36C1A7} = {9C911A0C-86B4-40E7-9292-BB2B66C8661A}
		{78734F52-E170-4110-96C1-AD8863D5D4E5} = {4A7B45F0-B793-4CA9-9DF2-6E04EBFAEA3F}
		{31C04961-4825-4E32-816D-7930B7D8D82D} = {4A7B45F0-B793-4CA9-9DF2-6E04EBFAEA3F}
	EndGlobalSection
EndGlobal
